// !$*UTF8*$!
{
	archiveVersion = 1;
	classes = {
	};
	objectVersion = 46;
	objects = {

/* Begin PBXBuildFile section */
		1D1FBCC41EDD798B0051C845 /* DropboxSDK.framework in Frameworks */ = {isa = PBXBuildFile; fileRef = 1D1FBCC31EDD798B0051C845 /* DropboxSDK.framework */; };
		1D2129A01ED6C02400383C62 /* Alert.swift in Sources */ = {isa = PBXBuildFile; fileRef = 1D21299F1ED6C02400383C62 /* Alert.swift */; };
		1D28B3851EEEC6C700DFE922 /* TiledView.swift in Sources */ = {isa = PBXBuildFile; fileRef = 1D28B3841EEEC6C700DFE922 /* TiledView.swift */; };
		1D3714681ED837B600F8250A /* PDFGenerator.framework in Frameworks */ = {isa = PBXBuildFile; fileRef = 1D3714671ED837B600F8250A /* PDFGenerator.framework */; };
		1D37146D1ED858DE00F8250A /* GoogleConfViewController.swift in Sources */ = {isa = PBXBuildFile; fileRef = 1D37146C1ED858DE00F8250A /* GoogleConfViewController.swift */; };
		1D3940041EDE9F2A0082FE91 /* EZLoadingActivity.swift in Sources */ = {isa = PBXBuildFile; fileRef = 1D3940031EDE9F2A0082FE91 /* EZLoadingActivity.swift */; };
		1D3940071EDEA8C20082FE91 /* CustomCellLayout.swift in Sources */ = {isa = PBXBuildFile; fileRef = 1D3940061EDEA8C20082FE91 /* CustomCellLayout.swift */; };
		1D50B1841ED3F93F004BDD6E /* Enums.swift in Sources */ = {isa = PBXBuildFile; fileRef = 1D50B1831ED3F93F004BDD6E /* Enums.swift */; };
		1D50B1861ED4009A004BDD6E /* SecondViewController.swift in Sources */ = {isa = PBXBuildFile; fileRef = 1D50B1851ED4009A004BDD6E /* SecondViewController.swift */; };
		1D60FBCA1EDC282E00FF0EF1 /* DriveImageCollectionViewCell.swift in Sources */ = {isa = PBXBuildFile; fileRef = 1D60FBC91EDC282E00FF0EF1 /* DriveImageCollectionViewCell.swift */; };
		1D60FBCC1EDC28D300FF0EF1 /* ExtensionGoogleConfViewController.swift in Sources */ = {isa = PBXBuildFile; fileRef = 1D60FBCB1EDC28D300FF0EF1 /* ExtensionGoogleConfViewController.swift */; };
		1D6E99CD1ED2CCB90000CCE2 /* AppDelegate.swift in Sources */ = {isa = PBXBuildFile; fileRef = 1D6E99CC1ED2CCB90000CCE2 /* AppDelegate.swift */; };
		1D6E99CF1ED2CCC20000CCE2 /* ViewController.swift in Sources */ = {isa = PBXBuildFile; fileRef = 1D6E99CE1ED2CCC20000CCE2 /* ViewController.swift */; };
		1D6E99D11ED2CD040000CCE2 /* MyCollectionViewCell.swift in Sources */ = {isa = PBXBuildFile; fileRef = 1D6E99D01ED2CD040000CCE2 /* MyCollectionViewCell.swift */; };
		1D6E99D31ED2CD900000CCE2 /* Resources.swift in Sources */ = {isa = PBXBuildFile; fileRef = 1D6E99D21ED2CD900000CCE2 /* Resources.swift */; };
		1D6E99D91ED329480000CCE2 /* ExtensionViewController.swift in Sources */ = {isa = PBXBuildFile; fileRef = 1D6E99D81ED329480000CCE2 /* ExtensionViewController.swift */; };
		1D973EDE1ED54AA200510EDE /* Main.storyboard in Resources */ = {isa = PBXBuildFile; fileRef = 1D973EDC1ED54AA200510EDE /* Main.storyboard */; };
		1D973EDF1ED54AA200510EDE /* LaunchScreen.storyboard in Resources */ = {isa = PBXBuildFile; fileRef = 1D973EDD1ED54AA200510EDE /* LaunchScreen.storyboard */; };
		1DB080B71ED71B9100DBBEF8 /* Document.swift in Sources */ = {isa = PBXBuildFile; fileRef = 1DB080B61ED71B9000DBBEF8 /* Document.swift */; };
		1DB080B91ED71DA600DBBEF8 /* Rotation.swift in Sources */ = {isa = PBXBuildFile; fileRef = 1DB080B81ED71DA600DBBEF8 /* Rotation.swift */; };
		1DB080C01ED7305A00DBBEF8 /* Assets.xcassets in Resources */ = {isa = PBXBuildFile; fileRef = 1DB080BF1ED7305A00DBBEF8 /* Assets.xcassets */; };
		1DB7EFA41EDD4C29000F66C7 /* GoogleService-Info.plist in Resources */ = {isa = PBXBuildFile; fileRef = 1DB7EFA31EDD4C29000F66C7 /* GoogleService-Info.plist */; };
		1DD474C71EEBE03A00674AFB /* myPDF.pdf in Resources */ = {isa = PBXBuildFile; fileRef = 1DD474C61EEBE03A00674AFB /* myPDF.pdf */; };
		1DD4758D1EEBF91E00674AFB /* sample.pdf in Resources */ = {isa = PBXBuildFile; fileRef = 1DD4758C1EEBF91E00674AFB /* sample.pdf */; };
		1DD475A81EEC114700674AFB /* LICENSE.txt in Resources */ = {isa = PBXBuildFile; fileRef = 1DD4759A1EEC114700674AFB /* LICENSE.txt */; };
		1DD475AA1EEC114700674AFB /* README.md in Sources */ = {isa = PBXBuildFile; fileRef = 1DD4759C1EEC114700674AFB /* README.md */; };
		1DD475AB1EEC114700674AFB /* PDFReader.storyboard in Resources */ = {isa = PBXBuildFile; fileRef = 1DD4759F1EEC114700674AFB /* PDFReader.storyboard */; };
		1DD475AC1EEC114700674AFB /* PDFDocument.swift in Sources */ = {isa = PBXBuildFile; fileRef = 1DD475A11EEC114700674AFB /* PDFDocument.swift */; };
		1DD475AD1EEC114700674AFB /* PDFPageCollectionViewCell.swift in Sources */ = {isa = PBXBuildFile; fileRef = 1DD475A21EEC114700674AFB /* PDFPageCollectionViewCell.swift */; };
		1DD475AE1EEC114700674AFB /* PDFPageView.swift in Sources */ = {isa = PBXBuildFile; fileRef = 1DD475A31EEC114700674AFB /* PDFPageView.swift */; };
		1DD475B11EEC114700674AFB /* PDFViewController.swift in Sources */ = {isa = PBXBuildFile; fileRef = 1DD475A61EEC114700674AFB /* PDFViewController.swift */; };
		1DDA70801EDEDB9E006BF481 /* ExtensionViewControllerRetrieveImages.swift in Sources */ = {isa = PBXBuildFile; fileRef = 1DDA707F1EDEDB9E006BF481 /* ExtensionViewControllerRetrieveImages.swift */; };
		1DE2F3921EE6A0D00003C748 /* AppUtility.swift in Sources */ = {isa = PBXBuildFile; fileRef = 1DE2F3911EE6A0D00003C748 /* AppUtility.swift */; };
		EBD6C56896E613BFFF37F9F2 /* Pods_PlayWithImage.framework in Frameworks */ = {isa = PBXBuildFile; fileRef = 34BA67AD9212FC0A2759C09C /* Pods_PlayWithImage.framework */; };
/* End PBXBuildFile section */

/* Begin PBXFileReference section */
		1D1FBCC31EDD798B0051C845 /* DropboxSDK.framework */ = {isa = PBXFileReference; lastKnownFileType = wrapper.framework; path = DropboxSDK.framework; sourceTree = "<group>"; };
		1D1FBCC51EDD8C7D0051C845 /* PlayWithImage.entitlements */ = {isa = PBXFileReference; lastKnownFileType = text.plist.entitlements; path = PlayWithImage.entitlements; sourceTree = "<group>"; };
		1D21299F1ED6C02400383C62 /* Alert.swift */ = {isa = PBXFileReference; fileEncoding = 4; lastKnownFileType = sourcecode.swift; path = Alert.swift; sourceTree = "<group>"; };
		1D28B3841EEEC6C700DFE922 /* TiledView.swift */ = {isa = PBXFileReference; fileEncoding = 4; lastKnownFileType = sourcecode.swift; path = TiledView.swift; sourceTree = "<group>"; };
		1D3714671ED837B600F8250A /* PDFGenerator.framework */ = {isa = PBXFileReference; lastKnownFileType = wrapper.framework; path = PDFGenerator.framework; sourceTree = "<group>"; };
		1D37146C1ED858DE00F8250A /* GoogleConfViewController.swift */ = {isa = PBXFileReference; fileEncoding = 4; lastKnownFileType = sourcecode.swift; path = GoogleConfViewController.swift; sourceTree = "<group>"; };
		1D3940031EDE9F2A0082FE91 /* EZLoadingActivity.swift */ = {isa = PBXFileReference; fileEncoding = 4; lastKnownFileType = sourcecode.swift; path = EZLoadingActivity.swift; sourceTree = "<group>"; };
		1D3940061EDEA8C20082FE91 /* CustomCellLayout.swift */ = {isa = PBXFileReference; fileEncoding = 4; lastKnownFileType = sourcecode.swift; path = CustomCellLayout.swift; sourceTree = "<group>"; };
		1D50B1831ED3F93F004BDD6E /* Enums.swift */ = {isa = PBXFileReference; fileEncoding = 4; lastKnownFileType = sourcecode.swift; path = Enums.swift; sourceTree = "<group>"; };
		1D50B1851ED4009A004BDD6E /* SecondViewController.swift */ = {isa = PBXFileReference; fileEncoding = 4; lastKnownFileType = sourcecode.swift; path = SecondViewController.swift; sourceTree = "<group>"; };
		1D60FBC91EDC282E00FF0EF1 /* DriveImageCollectionViewCell.swift */ = {isa = PBXFileReference; fileEncoding = 4; lastKnownFileType = sourcecode.swift; path = DriveImageCollectionViewCell.swift; sourceTree = "<group>"; };
		1D60FBCB1EDC28D300FF0EF1 /* ExtensionGoogleConfViewController.swift */ = {isa = PBXFileReference; fileEncoding = 4; lastKnownFileType = sourcecode.swift; path = ExtensionGoogleConfViewController.swift; sourceTree = "<group>"; };
		1D6E99AB1ED2CBBC0000CCE2 /* PlayWithImage.app */ = {isa = PBXFileReference; explicitFileType = wrapper.application; includeInIndex = 0; path = PlayWithImage.app; sourceTree = BUILT_PRODUCTS_DIR; };
		1D6E99BA1ED2CBBC0000CCE2 /* Info.plist */ = {isa = PBXFileReference; lastKnownFileType = text.plist.xml; path = Info.plist; sourceTree = "<group>"; };
		1D6E99CC1ED2CCB90000CCE2 /* AppDelegate.swift */ = {isa = PBXFileReference; fileEncoding = 4; lastKnownFileType = sourcecode.swift; path = AppDelegate.swift; sourceTree = "<group>"; };
		1D6E99CE1ED2CCC20000CCE2 /* ViewController.swift */ = {isa = PBXFileReference; fileEncoding = 4; lastKnownFileType = sourcecode.swift; path = ViewController.swift; sourceTree = "<group>"; };
		1D6E99D01ED2CD040000CCE2 /* MyCollectionViewCell.swift */ = {isa = PBXFileReference; fileEncoding = 4; lastKnownFileType = sourcecode.swift; path = MyCollectionViewCell.swift; sourceTree = "<group>"; };
		1D6E99D21ED2CD900000CCE2 /* Resources.swift */ = {isa = PBXFileReference; fileEncoding = 4; lastKnownFileType = sourcecode.swift; path = Resources.swift; sourceTree = "<group>"; };
		1D6E99D81ED329480000CCE2 /* ExtensionViewController.swift */ = {isa = PBXFileReference; fileEncoding = 4; lastKnownFileType = sourcecode.swift; path = ExtensionViewController.swift; sourceTree = "<group>"; };
		1D973EDC1ED54AA200510EDE /* Main.storyboard */ = {isa = PBXFileReference; fileEncoding = 4; lastKnownFileType = file.storyboard; path = Main.storyboard; sourceTree = "<group>"; };
		1D973EDD1ED54AA200510EDE /* LaunchScreen.storyboard */ = {isa = PBXFileReference; fileEncoding = 4; lastKnownFileType = file.storyboard; path = LaunchScreen.storyboard; sourceTree = "<group>"; };
		1DB080B61ED71B9000DBBEF8 /* Document.swift */ = {isa = PBXFileReference; fileEncoding = 4; lastKnownFileType = sourcecode.swift; path = Document.swift; sourceTree = "<group>"; };
		1DB080B81ED71DA600DBBEF8 /* Rotation.swift */ = {isa = PBXFileReference; fileEncoding = 4; lastKnownFileType = sourcecode.swift; path = Rotation.swift; sourceTree = "<group>"; };
		1DB080BF1ED7305A00DBBEF8 /* Assets.xcassets */ = {isa = PBXFileReference; lastKnownFileType = folder.assetcatalog; path = Assets.xcassets; sourceTree = "<group>"; };
		1DB7EFA31EDD4C29000F66C7 /* GoogleService-Info.plist */ = {isa = PBXFileReference; fileEncoding = 4; lastKnownFileType = text.plist.xml; path = "GoogleService-Info.plist"; sourceTree = "<group>"; };
		1DD474C61EEBE03A00674AFB /* myPDF.pdf */ = {isa = PBXFileReference; lastKnownFileType = image.pdf; name = myPDF.pdf; path = ../myPDF.pdf; sourceTree = "<group>"; };
		1DD4758C1EEBF91E00674AFB /* sample.pdf */ = {isa = PBXFileReference; lastKnownFileType = image.pdf; path = sample.pdf; sourceTree = "<group>"; };
		1DD4759A1EEC114700674AFB /* LICENSE.txt */ = {isa = PBXFileReference; fileEncoding = 4; lastKnownFileType = text; path = LICENSE.txt; sourceTree = "<group>"; };
		1DD4759C1EEC114700674AFB /* README.md */ = {isa = PBXFileReference; fileEncoding = 4; lastKnownFileType = net.daringfireball.markdown; path = README.md; sourceTree = "<group>"; };
		1DD4759F1EEC114700674AFB /* PDFReader.storyboard */ = {isa = PBXFileReference; fileEncoding = 4; lastKnownFileType = file.storyboard; path = PDFReader.storyboard; sourceTree = "<group>"; };
		1DD475A11EEC114700674AFB /* PDFDocument.swift */ = {isa = PBXFileReference; fileEncoding = 4; lastKnownFileType = sourcecode.swift; path = PDFDocument.swift; sourceTree = "<group>"; };
		1DD475A21EEC114700674AFB /* PDFPageCollectionViewCell.swift */ = {isa = PBXFileReference; fileEncoding = 4; lastKnownFileType = sourcecode.swift; path = PDFPageCollectionViewCell.swift; sourceTree = "<group>"; };
		1DD475A31EEC114700674AFB /* PDFPageView.swift */ = {isa = PBXFileReference; fileEncoding = 4; lastKnownFileType = sourcecode.swift; path = PDFPageView.swift; sourceTree = "<group>"; };
		1DD475A61EEC114700674AFB /* PDFViewController.swift */ = {isa = PBXFileReference; fileEncoding = 4; lastKnownFileType = sourcecode.swift; path = PDFViewController.swift; sourceTree = "<group>"; };
		1DDA707F1EDEDB9E006BF481 /* ExtensionViewControllerRetrieveImages.swift */ = {isa = PBXFileReference; fileEncoding = 4; lastKnownFileType = sourcecode.swift; path = ExtensionViewControllerRetrieveImages.swift; sourceTree = "<group>"; };
		1DE2F3911EE6A0D00003C748 /* AppUtility.swift */ = {isa = PBXFileReference; fileEncoding = 4; lastKnownFileType = sourcecode.swift; path = AppUtility.swift; sourceTree = "<group>"; };
		34BA67AD9212FC0A2759C09C /* Pods_PlayWithImage.framework */ = {isa = PBXFileReference; explicitFileType = wrapper.framework; includeInIndex = 0; path = Pods_PlayWithImage.framework; sourceTree = BUILT_PRODUCTS_DIR; };
		E08F81B8565AC27CA3ABB6DF /* Pods-PlayWithImage.debug.xcconfig */ = {isa = PBXFileReference; includeInIndex = 1; lastKnownFileType = text.xcconfig; name = "Pods-PlayWithImage.debug.xcconfig"; path = "Pods/Target Support Files/Pods-PlayWithImage/Pods-PlayWithImage.debug.xcconfig"; sourceTree = "<group>"; };
		FABBAD0AA4E41D3A0AEB49B4 /* Pods-PlayWithImage.release.xcconfig */ = {isa = PBXFileReference; includeInIndex = 1; lastKnownFileType = text.xcconfig; name = "Pods-PlayWithImage.release.xcconfig"; path = "Pods/Target Support Files/Pods-PlayWithImage/Pods-PlayWithImage.release.xcconfig"; sourceTree = "<group>"; };
/* End PBXFileReference section */

/* Begin PBXFrameworksBuildPhase section */
		1D6E99A81ED2CBBC0000CCE2 /* Frameworks */ = {
			isa = PBXFrameworksBuildPhase;
			buildActionMask = 2147483647;
			files = (
				1D3714681ED837B600F8250A /* PDFGenerator.framework in Frameworks */,
				1D1FBCC41EDD798B0051C845 /* DropboxSDK.framework in Frameworks */,
				EBD6C56896E613BFFF37F9F2 /* Pods_PlayWithImage.framework in Frameworks */,
			);
			runOnlyForDeploymentPostprocessing = 0;
		};
/* End PBXFrameworksBuildPhase section */

/* Begin PBXGroup section */
		1D3714691ED8563100F8250A /* GoogleDrive */ = {
			isa = PBXGroup;
			children = (
				1DB7EFA31EDD4C29000F66C7 /* GoogleService-Info.plist */,
			);
			path = GoogleDrive;
			sourceTree = "<group>";
		};
		1D3940051EDEA8C20082FE91 /* Cell Layout */ = {
			isa = PBXGroup;
			children = (
				1D3940061EDEA8C20082FE91 /* CustomCellLayout.swift */,
			);
			path = "Cell Layout";
			sourceTree = "<group>";
		};
		1D50B1821ED3F92B004BDD6E /* Constants */ = {
			isa = PBXGroup;
			children = (
				1D50B1831ED3F93F004BDD6E /* Enums.swift */,
			);
			path = Constants;
			sourceTree = "<group>";
		};
		1D6E99A21ED2CBBC0000CCE2 = {
			isa = PBXGroup;
			children = (
				1D6E99AD1ED2CBBC0000CCE2 /* PlayWithImage */,
				1D6E99AC1ED2CBBC0000CCE2 /* Products */,
				CEE1D29F2D703BA7B0B9FFB0 /* Pods */,
				1D973F471ED5633F00510EDE /* Frameworks */,
			);
			sourceTree = "<group>";
		};
		1D6E99AC1ED2CBBC0000CCE2 /* Products */ = {
			isa = PBXGroup;
			children = (
				1D6E99AB1ED2CBBC0000CCE2 /* PlayWithImage.app */,
			);
			name = Products;
			sourceTree = "<group>";
		};
		1D6E99AD1ED2CBBC0000CCE2 /* PlayWithImage */ = {
			isa = PBXGroup;
			children = (
				1D1FBCC51EDD8C7D0051C845 /* PlayWithImage.entitlements */,
				1D3714691ED8563100F8250A /* GoogleDrive */,
				1D50B1821ED3F92B004BDD6E /* Constants */,
				1D6E99C01ED2CC7D0000CCE2 /* Extension */,
				1D6E99C21ED2CC7D0000CCE2 /* CollectionViewCell */,
				1D6E99C31ED2CC7D0000CCE2 /* App Delegate */,
				1D6E99C41ED2CC7D0000CCE2 /* Other */,
				1D6E99C71ED2CC7D0000CCE2 /* Mapper */,
				1D6E99C81ED2CC7D0000CCE2 /* MVC */,
				1DD475991EEC114700674AFB /* PDFReader */,
				1DB080BF1ED7305A00DBBEF8 /* Assets.xcassets */,
				1D6E99BA1ED2CBBC0000CCE2 /* Info.plist */,
			);
			path = PlayWithImage;
			sourceTree = "<group>";
		};
		1D6E99C01ED2CC7D0000CCE2 /* Extension */ = {
			isa = PBXGroup;
			children = (
				1D6E99D81ED329480000CCE2 /* ExtensionViewController.swift */,
				1D60FBCB1EDC28D300FF0EF1 /* ExtensionGoogleConfViewController.swift */,
				1DDA707F1EDEDB9E006BF481 /* ExtensionViewControllerRetrieveImages.swift */,
			);
			path = Extension;
			sourceTree = "<group>";
		};
		1D6E99C21ED2CC7D0000CCE2 /* CollectionViewCell */ = {
			isa = PBXGroup;
			children = (
				1D3940051EDEA8C20082FE91 /* Cell Layout */,
				1D6E99D01ED2CD040000CCE2 /* MyCollectionViewCell.swift */,
				1D60FBC91EDC282E00FF0EF1 /* DriveImageCollectionViewCell.swift */,
			);
			path = CollectionViewCell;
			sourceTree = "<group>";
		};
		1D6E99C31ED2CC7D0000CCE2 /* App Delegate */ = {
			isa = PBXGroup;
			children = (
				1D6E99CC1ED2CCB90000CCE2 /* AppDelegate.swift */,
			);
			path = "App Delegate";
			sourceTree = "<group>";
		};
		1D6E99C41ED2CC7D0000CCE2 /* Other */ = {
			isa = PBXGroup;
			children = (
				1DD4758C1EEBF91E00674AFB /* sample.pdf */,
				1DD474C61EEBE03A00674AFB /* myPDF.pdf */,
				1D3940031EDE9F2A0082FE91 /* EZLoadingActivity.swift */,
				1D6E99D21ED2CD900000CCE2 /* Resources.swift */,
				1D21299F1ED6C02400383C62 /* Alert.swift */,
				1DB080B61ED71B9000DBBEF8 /* Document.swift */,
				1DB080B81ED71DA600DBBEF8 /* Rotation.swift */,
				1DE2F3911EE6A0D00003C748 /* AppUtility.swift */,
			);
			path = Other;
			sourceTree = "<group>";
		};
		1D6E99C71ED2CC7D0000CCE2 /* Mapper */ = {
			isa = PBXGroup;
			children = (
			);
			path = Mapper;
			sourceTree = "<group>";
		};
		1D6E99C81ED2CC7D0000CCE2 /* MVC */ = {
			isa = PBXGroup;
			children = (
				1D6E99C91ED2CC7D0000CCE2 /* Controllers */,
				1D6E99CA1ED2CC7D0000CCE2 /* Modals */,
				1D6E99CB1ED2CC7D0000CCE2 /* Views */,
			);
			path = MVC;
			sourceTree = "<group>";
		};
		1D6E99C91ED2CC7D0000CCE2 /* Controllers */ = {
			isa = PBXGroup;
			children = (
				1D6E99CE1ED2CCC20000CCE2 /* ViewController.swift */,
				1D50B1851ED4009A004BDD6E /* SecondViewController.swift */,
				1D37146C1ED858DE00F8250A /* GoogleConfViewController.swift */,
			);
			path = Controllers;
			sourceTree = "<group>";
		};
		1D6E99CA1ED2CC7D0000CCE2 /* Modals */ = {
			isa = PBXGroup;
			children = (
			);
			path = Modals;
			sourceTree = "<group>";
		};
		1D6E99CB1ED2CC7D0000CCE2 /* Views */ = {
			isa = PBXGroup;
			children = (
				1D973EDC1ED54AA200510EDE /* Main.storyboard */,
				1D973EDD1ED54AA200510EDE /* LaunchScreen.storyboard */,
			);
			path = Views;
			sourceTree = "<group>";
		};
		1D973F471ED5633F00510EDE /* Frameworks */ = {
			isa = PBXGroup;
			children = (
				1D1FBCC31EDD798B0051C845 /* DropboxSDK.framework */,
				1D3714671ED837B600F8250A /* PDFGenerator.framework */,
				34BA67AD9212FC0A2759C09C /* Pods_PlayWithImage.framework */,
			);
			name = Frameworks;
			path = PlayWithImage/Frameworks;
			sourceTree = "<group>";
		};
		1DD475991EEC114700674AFB /* PDFReader */ = {
			isa = PBXGroup;
			children = (
				1DD4759A1EEC114700674AFB /* LICENSE.txt */,
				1DD4759C1EEC114700674AFB /* README.md */,
				1DD4759D1EEC114700674AFB /* Sources */,
			);
			path = PDFReader;
			sourceTree = "<group>";
		};
		1DD4759D1EEC114700674AFB /* Sources */ = {
			isa = PBXGroup;
			children = (
				1DD4759E1EEC114700674AFB /* Assets */,
				1DD475A01EEC114700674AFB /* Classes */,
			);
			path = Sources;
			sourceTree = "<group>";
		};
		1DD4759E1EEC114700674AFB /* Assets */ = {
			isa = PBXGroup;
			children = (
				1DD4759F1EEC114700674AFB /* PDFReader.storyboard */,
			);
			path = Assets;
			sourceTree = "<group>";
		};
		1DD475A01EEC114700674AFB /* Classes */ = {
			isa = PBXGroup;
			children = (
				1D28B3841EEEC6C700DFE922 /* TiledView.swift */,
				1DD475A11EEC114700674AFB /* PDFDocument.swift */,
				1DD475A21EEC114700674AFB /* PDFPageCollectionViewCell.swift */,
				1DD475A31EEC114700674AFB /* PDFPageView.swift */,
				1DD475A61EEC114700674AFB /* PDFViewController.swift */,
			);
			path = Classes;
			sourceTree = "<group>";
		};
		CEE1D29F2D703BA7B0B9FFB0 /* Pods */ = {
			isa = PBXGroup;
			children = (
				E08F81B8565AC27CA3ABB6DF /* Pods-PlayWithImage.debug.xcconfig */,
				FABBAD0AA4E41D3A0AEB49B4 /* Pods-PlayWithImage.release.xcconfig */,
			);
			name = Pods;
			sourceTree = "<group>";
		};
/* End PBXGroup section */

/* Begin PBXNativeTarget section */
		1D6E99AA1ED2CBBC0000CCE2 /* PlayWithImage */ = {
			isa = PBXNativeTarget;
			buildConfigurationList = 1D6E99BD1ED2CBBC0000CCE2 /* Build configuration list for PBXNativeTarget "PlayWithImage" */;
			buildPhases = (
				A10595A018CCD654D593380B /* [CP] Check Pods Manifest.lock */,
				1D6E99A71ED2CBBC0000CCE2 /* Sources */,
				1D6E99A81ED2CBBC0000CCE2 /* Frameworks */,
				1D6E99A91ED2CBBC0000CCE2 /* Resources */,
				6318B95D352849E799C6389D /* [CP] Embed Pods Frameworks */,
				BC9155378C84BEE6366E51AF /* [CP] Copy Pods Resources */,
			);
			buildRules = (
			);
			dependencies = (
			);
			name = PlayWithImage;
			productName = PlayWithImage;
			productReference = 1D6E99AB1ED2CBBC0000CCE2 /* PlayWithImage.app */;
			productType = "com.apple.product-type.application";
		};
/* End PBXNativeTarget section */

/* Begin PBXProject section */
		1D6E99A31ED2CBBC0000CCE2 /* Project object */ = {
			isa = PBXProject;
			attributes = {
				LastSwiftUpdateCheck = 0820;
				LastUpgradeCheck = 0820;
				ORGANIZATIONNAME = code.brew;
				TargetAttributes = {
					1D6E99AA1ED2CBBC0000CCE2 = {
						CreatedOnToolsVersion = 8.2.1;
						DevelopmentTeam = M55AA36S4S;
						LastSwiftMigration = 0820;
						ProvisioningStyle = Automatic;
						SystemCapabilities = {
							com.apple.Keychain = {
								enabled = 1;
							};
						};
					};
				};
			};
			buildConfigurationList = 1D6E99A61ED2CBBC0000CCE2 /* Build configuration list for PBXProject "PlayWithImage" */;
			compatibilityVersion = "Xcode 3.2";
			developmentRegion = English;
			hasScannedForEncodings = 0;
			knownRegions = (
				en,
				Base,
			);
			mainGroup = 1D6E99A21ED2CBBC0000CCE2;
			productRefGroup = 1D6E99AC1ED2CBBC0000CCE2 /* Products */;
			projectDirPath = "";
			projectRoot = "";
			targets = (
				1D6E99AA1ED2CBBC0000CCE2 /* PlayWithImage */,
			);
		};
/* End PBXProject section */

/* Begin PBXResourcesBuildPhase section */
		1D6E99A91ED2CBBC0000CCE2 /* Resources */ = {
			isa = PBXResourcesBuildPhase;
			buildActionMask = 2147483647;
			files = (
				1DD475AB1EEC114700674AFB /* PDFReader.storyboard in Resources */,
				1D973EDE1ED54AA200510EDE /* Main.storyboard in Resources */,
				1D973EDF1ED54AA200510EDE /* LaunchScreen.storyboard in Resources */,
				1DD4758D1EEBF91E00674AFB /* sample.pdf in Resources */,
				1DB7EFA41EDD4C29000F66C7 /* GoogleService-Info.plist in Resources */,
				1DD475A81EEC114700674AFB /* LICENSE.txt in Resources */,
				1DB080C01ED7305A00DBBEF8 /* Assets.xcassets in Resources */,
				1DD474C71EEBE03A00674AFB /* myPDF.pdf in Resources */,
			);
			runOnlyForDeploymentPostprocessing = 0;
		};
/* End PBXResourcesBuildPhase section */

/* Begin PBXShellScriptBuildPhase section */
		6318B95D352849E799C6389D /* [CP] Embed Pods Frameworks */ = {
			isa = PBXShellScriptBuildPhase;
			buildActionMask = 2147483647;
			files = (
			);
			inputPaths = (
			);
			name = "[CP] Embed Pods Frameworks";
			outputPaths = (
			);
			runOnlyForDeploymentPostprocessing = 0;
			shellPath = /bin/sh;
			shellScript = "\"${SRCROOT}/Pods/Target Support Files/Pods-PlayWithImage/Pods-PlayWithImage-frameworks.sh\"\n";
			showEnvVarsInLog = 0;
		};
		A10595A018CCD654D593380B /* [CP] Check Pods Manifest.lock */ = {
			isa = PBXShellScriptBuildPhase;
			buildActionMask = 2147483647;
			files = (
			);
			inputPaths = (
			);
			name = "[CP] Check Pods Manifest.lock";
			outputPaths = (
			);
			runOnlyForDeploymentPostprocessing = 0;
			shellPath = /bin/sh;
			shellScript = "diff \"${PODS_ROOT}/../Podfile.lock\" \"${PODS_ROOT}/Manifest.lock\" > /dev/null\nif [ $? != 0 ] ; then\n    # print error to STDERR\n    echo \"error: The sandbox is not in sync with the Podfile.lock. Run 'pod install' or update your CocoaPods installation.\" >&2\n    exit 1\nfi\n";
			showEnvVarsInLog = 0;
		};
		BC9155378C84BEE6366E51AF /* [CP] Copy Pods Resources */ = {
			isa = PBXShellScriptBuildPhase;
			buildActionMask = 2147483647;
			files = (
			);
			inputPaths = (
			);
			name = "[CP] Copy Pods Resources";
			outputPaths = (
			);
			runOnlyForDeploymentPostprocessing = 0;
			shellPath = /bin/sh;
			shellScript = "\"${SRCROOT}/Pods/Target Support Files/Pods-PlayWithImage/Pods-PlayWithImage-resources.sh\"\n";
			showEnvVarsInLog = 0;
		};
/* End PBXShellScriptBuildPhase section */

/* Begin PBXSourcesBuildPhase section */
		1D6E99A71ED2CBBC0000CCE2 /* Sources */ = {
			isa = PBXSourcesBuildPhase;
			buildActionMask = 2147483647;
			files = (
				1DD475AD1EEC114700674AFB /* PDFPageCollectionViewCell.swift in Sources */,
				1D28B3851EEEC6C700DFE922 /* TiledView.swift in Sources */,
				1D6E99CF1ED2CCC20000CCE2 /* ViewController.swift in Sources */,
				1DE2F3921EE6A0D00003C748 /* AppUtility.swift in Sources */,
				1DD475AC1EEC114700674AFB /* PDFDocument.swift in Sources */,
				1DDA70801EDEDB9E006BF481 /* ExtensionViewControllerRetrieveImages.swift in Sources */,
				1D6E99D91ED329480000CCE2 /* ExtensionViewController.swift in Sources */,
				1D6E99D31ED2CD900000CCE2 /* Resources.swift in Sources */,
				1D6E99CD1ED2CCB90000CCE2 /* AppDelegate.swift in Sources */,
				1DB080B71ED71B9100DBBEF8 /* Document.swift in Sources */,
				1D50B1861ED4009A004BDD6E /* SecondViewController.swift in Sources */,
				1D50B1841ED3F93F004BDD6E /* Enums.swift in Sources */,
				1DB080B91ED71DA600DBBEF8 /* Rotation.swift in Sources */,
				1D2129A01ED6C02400383C62 /* Alert.swift in Sources */,
				1D60FBCC1EDC28D300FF0EF1 /* ExtensionGoogleConfViewController.swift in Sources */,
				1D37146D1ED858DE00F8250A /* GoogleConfViewController.swift in Sources */,
				1DD475B11EEC114700674AFB /* PDFViewController.swift in Sources */,
				1D3940071EDEA8C20082FE91 /* CustomCellLayout.swift in Sources */,
				1D6E99D11ED2CD040000CCE2 /* MyCollectionViewCell.swift in Sources */,
				1DD475AE1EEC114700674AFB /* PDFPageView.swift in Sources */,
				1D3940041EDE9F2A0082FE91 /* EZLoadingActivity.swift in Sources */,
				1DD475AA1EEC114700674AFB /* README.md in Sources */,
				1D60FBCA1EDC282E00FF0EF1 /* DriveImageCollectionViewCell.swift in Sources */,
			);
			runOnlyForDeploymentPostprocessing = 0;
		};
/* End PBXSourcesBuildPhase section */

/* Begin XCBuildConfiguration section */
		1D6E99BB1ED2CBBC0000CCE2 /* Debug */ = {
			isa = XCBuildConfiguration;
			buildSettings = {
				ALWAYS_SEARCH_USER_PATHS = NO;
				CLANG_ANALYZER_NONNULL = YES;
				CLANG_CXX_LANGUAGE_STANDARD = "gnu++0x";
				CLANG_CXX_LIBRARY = "libc++";
				CLANG_ENABLE_MODULES = YES;
				CLANG_ENABLE_OBJC_ARC = YES;
				CLANG_WARN_BOOL_CONVERSION = YES;
				CLANG_WARN_CONSTANT_CONVERSION = YES;
				CLANG_WARN_DIRECT_OBJC_ISA_USAGE = YES_ERROR;
				CLANG_WARN_DOCUMENTATION_COMMENTS = YES;
				CLANG_WARN_EMPTY_BODY = YES;
				CLANG_WARN_ENUM_CONVERSION = YES;
				CLANG_WARN_INFINITE_RECURSION = YES;
				CLANG_WARN_INT_CONVERSION = YES;
				CLANG_WARN_OBJC_ROOT_CLASS = YES_ERROR;
				CLANG_WARN_SUSPICIOUS_MOVE = YES;
				CLANG_WARN_UNREACHABLE_CODE = YES;
				CLANG_WARN__DUPLICATE_METHOD_MATCH = YES;
				"CODE_SIGN_IDENTITY[sdk=iphoneos*]" = "iPhone Developer";
				COPY_PHASE_STRIP = NO;
				DEBUG_INFORMATION_FORMAT = dwarf;
				ENABLE_STRICT_OBJC_MSGSEND = YES;
				ENABLE_TESTABILITY = YES;
				GCC_C_LANGUAGE_STANDARD = gnu99;
				GCC_DYNAMIC_NO_PIC = NO;
				GCC_NO_COMMON_BLOCKS = YES;
				GCC_OPTIMIZATION_LEVEL = 0;
				GCC_PREPROCESSOR_DEFINITIONS = (
					"DEBUG=1",
					"$(inherited)",
				);
				GCC_WARN_64_TO_32_BIT_CONVERSION = YES;
				GCC_WARN_ABOUT_RETURN_TYPE = YES_ERROR;
				GCC_WARN_UNDECLARED_SELECTOR = YES;
				GCC_WARN_UNINITIALIZED_AUTOS = YES_AGGRESSIVE;
				GCC_WARN_UNUSED_FUNCTION = YES;
				GCC_WARN_UNUSED_VARIABLE = YES;
				IPHONEOS_DEPLOYMENT_TARGET = 10.2;
				MTL_ENABLE_DEBUG_INFO = YES;
				ONLY_ACTIVE_ARCH = YES;
				SDKROOT = iphoneos;
				SWIFT_ACTIVE_COMPILATION_CONDITIONS = DEBUG;
				SWIFT_OPTIMIZATION_LEVEL = "-Onone";
			};
			name = Debug;
		};
		1D6E99BC1ED2CBBC0000CCE2 /* Release */ = {
			isa = XCBuildConfiguration;
			buildSettings = {
				ALWAYS_SEARCH_USER_PATHS = NO;
				CLANG_ANALYZER_NONNULL = YES;
				CLANG_CXX_LANGUAGE_STANDARD = "gnu++0x";
				CLANG_CXX_LIBRARY = "libc++";
				CLANG_ENABLE_MODULES = YES;
				CLANG_ENABLE_OBJC_ARC = YES;
				CLANG_WARN_BOOL_CONVERSION = YES;
				CLANG_WARN_CONSTANT_CONVERSION = YES;
				CLANG_WARN_DIRECT_OBJC_ISA_USAGE = YES_ERROR;
				CLANG_WARN_DOCUMENTATION_COMMENTS = YES;
				CLANG_WARN_EMPTY_BODY = YES;
				CLANG_WARN_ENUM_CONVERSION = YES;
				CLANG_WARN_INFINITE_RECURSION = YES;
				CLANG_WARN_INT_CONVERSION = YES;
				CLANG_WARN_OBJC_ROOT_CLASS = YES_ERROR;
				CLANG_WARN_SUSPICIOUS_MOVE = YES;
				CLANG_WARN_UNREACHABLE_CODE = YES;
				CLANG_WARN__DUPLICATE_METHOD_MATCH = YES;
				"CODE_SIGN_IDENTITY[sdk=iphoneos*]" = "iPhone Developer";
				COPY_PHASE_STRIP = NO;
				DEBUG_INFORMATION_FORMAT = "dwarf-with-dsym";
				ENABLE_NS_ASSERTIONS = NO;
				ENABLE_STRICT_OBJC_MSGSEND = YES;
				GCC_C_LANGUAGE_STANDARD = gnu99;
				GCC_NO_COMMON_BLOCKS = YES;
				GCC_WARN_64_TO_32_BIT_CONVERSION = YES;
				GCC_WARN_ABOUT_RETURN_TYPE = YES_ERROR;
				GCC_WARN_UNDECLARED_SELECTOR = YES;
				GCC_WARN_UNINITIALIZED_AUTOS = YES_AGGRESSIVE;
				GCC_WARN_UNUSED_FUNCTION = YES;
				GCC_WARN_UNUSED_VARIABLE = YES;
				IPHONEOS_DEPLOYMENT_TARGET = 10.2;
				MTL_ENABLE_DEBUG_INFO = NO;
				SDKROOT = iphoneos;
				SWIFT_OPTIMIZATION_LEVEL = "-Owholemodule";
				VALIDATE_PRODUCT = YES;
			};
			name = Release;
		};
		1D6E99BE1ED2CBBC0000CCE2 /* Debug */ = {
			isa = XCBuildConfiguration;
			baseConfigurationReference = E08F81B8565AC27CA3ABB6DF /* Pods-PlayWithImage.debug.xcconfig */;
			buildSettings = {
				ASSETCATALOG_COMPILER_APPICON_NAME = AppIcon;
				CLANG_ENABLE_MODULES = YES;
				CODE_SIGN_ENTITLEMENTS = PlayWithImage/PlayWithImage.entitlements;
				"CODE_SIGN_IDENTITY[sdk=iphoneos*]" = "iPhone Developer";
				DEVELOPMENT_TEAM = M55AA36S4S;
				FRAMEWORK_SEARCH_PATHS = (
					"$(inherited)",
					"$(PROJECT_DIR)/PlayWithImage/Frameworks",
					"$(PROJECT_DIR)/build/Debug-iphoneos/PDFGenerator",
				);
				INFOPLIST_FILE = PlayWithImage/Info.plist;
				IPHONEOS_DEPLOYMENT_TARGET = 9.0;
				LD_RUNPATH_SEARCH_PATHS = "$(inherited) @executable_path/Frameworks";
				PRODUCT_BUNDLE_IDENTIFIER = "code-brew.PlayWithImage";
				PRODUCT_NAME = "$(TARGET_NAME)";
				SWIFT_OPTIMIZATION_LEVEL = "-Onone";
				SWIFT_VERSION = 3.0;
				TARGETED_DEVICE_FAMILY = 1;
			};
			name = Debug;
		};
		1D6E99BF1ED2CBBC0000CCE2 /* Release */ = {
			isa = XCBuildConfiguration;
			baseConfigurationReference = FABBAD0AA4E41D3A0AEB49B4 /* Pods-PlayWithImage.release.xcconfig */;
			buildSettings = {
				ASSETCATALOG_COMPILER_APPICON_NAME = AppIcon;
				CLANG_ENABLE_MODULES = YES;
				CODE_SIGN_ENTITLEMENTS = PlayWithImage/PlayWithImage.entitlements;
				"CODE_SIGN_IDENTITY[sdk=iphoneos*]" = "iPhone Developer";
				DEVELOPMENT_TEAM = M55AA36S4S;
				FRAMEWORK_SEARCH_PATHS = (
					"$(inherited)",
					"$(PROJECT_DIR)/PlayWithImage/Frameworks",
					"$(PROJECT_DIR)/build/Debug-iphoneos/PDFGenerator",
				);
				INFOPLIST_FILE = PlayWithImage/Info.plist;
				IPHONEOS_DEPLOYMENT_TARGET = 9.0;
				LD_RUNPATH_SEARCH_PATHS = "$(inherited) @executable_path/Frameworks";
				PRODUCT_BUNDLE_IDENTIFIER = "code-brew.PlayWithImage";
				PRODUCT_NAME = "$(TARGET_NAME)";
				SWIFT_VERSION = 3.0;
				TARGETED_DEVICE_FAMILY = 1;
			};
			name = Release;
		};
/* End XCBuildConfiguration section */

/* Begin XCConfigurationList section */
		1D6E99A61ED2CBBC0000CCE2 /* Build configuration list for PBXProject "PlayWithImage" */ = {
			isa = XCConfigurationList;
			buildConfigurations = (
				1D6E99BB1ED2CBBC0000CCE2 /* Debug */,
				1D6E99BC1ED2CBBC0000CCE2 /* Release */,
			);
			defaultConfigurationIsVisible = 0;
			defaultConfigurationName = Release;
		};
		1D6E99BD1ED2CBBC0000CCE2 /* Build configuration list for PBXNativeTarget "PlayWithImage" */ = {
			isa = XCConfigurationList;
			buildConfigurations = (
				1D6E99BE1ED2CBBC0000CCE2 /* Debug */,
				1D6E99BF1ED2CBBC0000CCE2 /* Release */,
			);
			defaultConfigurationIsVisible = 0;
			defaultConfigurationName = Release;
		};
/* End XCConfigurationList section */
	};
	rootObject = 1D6E99A31ED2CBBC0000CCE2 /* Project object */;
}
